{
  "name": "last-night-of-aetheria-grok-bot",
  "version": "1.0.0",
  "lockfileVersion": 3,
  "requires": true,
  "packages": {
    "": {
      "name": "last-night-of-aetheria-grok-bot",
      "version": "1.0.0",
      "dependencies": {
        "three": "^0.180.0"
      },
      "devDependencies": {
        "@types/three": "^0.185.4",
        "typescript": "~5.9.2",
        "vite": "^7.1.0"
      }
    }
  }
}
